
Microsoft Visual Studio Solution File, Format Version 12.00
# Visual Studio Version 17
VisualStudioVersion = 17.4.33205.214
MinimumVisualStudioVersion = 10.0.40219.1
Project("{FAE04EC0-301F-11D3-BF4B-00C04F79EFBC}") = "PrácticaErrores", "PrácticaErrores\PrácticaErrores.csproj", "{D3570BBB-F1B0-478E-9070-5B4704632218}"
EndProject
Project("{FAE04EC0-301F-11D3-BF4B-00C04F79EFBC}") = "WindowsFormsApp1", "WindowsFormsApp1\WindowsFormsApp1.csproj", "{8E23D9DA-F291-49A6-8527-C3A294D82208}"
EndProject
Global
	GlobalSection(SolutionConfigurationPlatforms) = preSolution
		Debug|Any CPU = Debug|Any CPU
		Release|Any CPU = Release|Any CPU
	EndGlobalSection
	GlobalSection(ProjectConfigurationPlatforms) = postSolution
		{D3570BBB-F1B0-478E-9070-5B4704632218}.Debug|Any CPU.ActiveCfg = Debug|Any CPU
		{D3570BBB-F1B0-478E-9070-5B4704632218}.Debug|Any CPU.Build.0 = Debug|Any CPU
		{D3570BBB-F1B0-478E-9070-5B4704632218}.Release|Any CPU.ActiveCfg = Release|Any CPU
		{D3570BBB-F1B0-478E-9070-5B4704632218}.Release|Any CPU.Build.0 = Release|Any CPU
		{8E23D9DA-F291-49A6-8527-C3A294D82208}.Debug|Any CPU.ActiveCfg = Debug|Any CPU
		{8E23D9DA-F291-49A6-8527-C3A294D82208}.Debug|Any CPU.Build.0 = Debug|Any CPU
		{8E23D9DA-F291-49A6-8527-C3A294D82208}.Release|Any CPU.ActiveCfg = Release|Any CPU
		{8E23D9DA-F291-49A6-8527-C3A294D82208}.Release|Any CPU.Build.0 = Release|Any CPU
	EndGlobalSection
	GlobalSection(SolutionProperties) = preSolution
		HideSolutionNode = FALSE
	EndGlobalSection
	GlobalSection(ExtensibilityGlobals) = postSolution
		SolutionGuid = {BE9CD61C-64B0-4562-BCBB-A7384DF0AF5F}
	EndGlobalSection
EndGlobal
